{
	"name": "tic-tac-toe",
	"requires": true,
	"lockfileVersion": 1,
	"dependencies": {
		"drama-core": {
			"version": "0.0.2",
			"resolved": "https://registry.npmjs.org/drama-core/-/drama-core-0.0.2.tgz",
			"integrity": "sha512-QZsWLQU5C4XzYv/43qYTUTnli8TSgKDiQXQYfxk6MPhyT62uzRnnIn2bVZXzdAc2LQILgl1JTNls6lcVCZKgnQ=="
		}
	}
}
